
Microsoft Visual Studio Solution File, Format Version 12.00
# Visual Studio Version 17
VisualStudioVersion = 17.11.35312.102
MinimumVisualStudioVersion = 10.0.40219.1
Project("{FAE04EC0-301F-11D3-BF4B-00C04F79EFBC}") = "ListView_and_DataGridView", "ListView_and_DataGridView.csproj", "{443F2364-132A-41D1-A354-6BC9AFE9D3FF}"
EndProject
Global
	GlobalSection(SolutionConfigurationPlatforms) = preSolution
		Debug|Any CPU = Debug|Any CPU
		Release|Any CPU = Release|Any CPU
	EndGlobalSection
	GlobalSection(ProjectConfigurationPlatforms) = postSolution
		{443F2364-132A-41D1-A354-6BC9AFE9D3FF}.Debug|Any CPU.ActiveCfg = Debug|Any CPU
		{443F2364-132A-41D1-A354-6BC9AFE9D3FF}.Debug|Any CPU.Build.0 = Debug|Any CPU
		{443F2364-132A-41D1-A354-6BC9AFE9D3FF}.Release|Any CPU.ActiveCfg = Release|Any CPU
		{443F2364-132A-41D1-A354-6BC9AFE9D3FF}.Release|Any CPU.Build.0 = Release|Any CPU
	EndGlobalSection
	GlobalSection(SolutionProperties) = preSolution
		HideSolutionNode = FALSE
	EndGlobalSection
	GlobalSection(ExtensibilityGlobals) = postSolution
		SolutionGuid = {7E117D3A-C65D-48CB-9922-7CC4339EEA00}
	EndGlobalSection
EndGlobal
